
Microsoft Visual Studio Solution File, Format Version 12.00
# Visual Studio Version 17
VisualStudioVersion = 17.7.34221.43
MinimumVisualStudioVersion = 10.0.40219.1
Project("{9A19103F-16F7-4668-BE54-9A1E7A4F7556}") = "ChatThread", "ChatThread\ChatThread.csproj", "{53ED0281-18F2-451A-ABB1-5AB8048034C3}"
EndProject
Project("{FAE04EC0-301F-11D3-BF4B-00C04F79EFBC}") = "ChatTask", "ChatTask\ChatTask.csproj", "{66CD34FE-82C5-41D3-B3B3-C209D53FDDB6}"
EndProject
Global
	GlobalSection(SolutionConfigurationPlatforms) = preSolution
		Debug|Any CPU = Debug|Any CPU
		Release|Any CPU = Release|Any CPU
	EndGlobalSection
	GlobalSection(ProjectConfigurationPlatforms) = postSolution
		{53ED0281-18F2-451A-ABB1-5AB8048034C3}.Debug|Any CPU.ActiveCfg = Debug|Any CPU
		{53ED0281-18F2-451A-ABB1-5AB8048034C3}.Debug|Any CPU.Build.0 = Debug|Any CPU
		{53ED0281-18F2-451A-ABB1-5AB8048034C3}.Release|Any CPU.ActiveCfg = Release|Any CPU
		{53ED0281-18F2-451A-ABB1-5AB8048034C3}.Release|Any CPU.Build.0 = Release|Any CPU
		{66CD34FE-82C5-41D3-B3B3-C209D53FDDB6}.Debug|Any CPU.ActiveCfg = Debug|Any CPU
		{66CD34FE-82C5-41D3-B3B3-C209D53FDDB6}.Debug|Any CPU.Build.0 = Debug|Any CPU
		{66CD34FE-82C5-41D3-B3B3-C209D53FDDB6}.Release|Any CPU.ActiveCfg = Release|Any CPU
		{66CD34FE-82C5-41D3-B3B3-C209D53FDDB6}.Release|Any CPU.Build.0 = Release|Any CPU
	EndGlobalSection
	GlobalSection(SolutionProperties) = preSolution
		HideSolutionNode = FALSE
	EndGlobalSection
	GlobalSection(ExtensibilityGlobals) = postSolution
		SolutionGuid = {243F18E4-B314-452C-93DE-E60C6F6952D0}
	EndGlobalSection
EndGlobal
